<?xml version="1.0" encoding="utf-8"?>
<Project ToolsVersion="4.0" xmlns="http://schemas.microsoft.com/developer/msbuild/2003">
  <ItemGroup>
    <Filter Include="File di origine">
      <UniqueIdentifier>{4FC737F1-C7A5-4376-A066-2A32D752A2FF}</UniqueIdentifier>
      <Extensions>cpp;c;cc;cxx;c++;cppm;ixx;def;odl;idl;hpj;bat;asm;asmx</Extensions>
    </Filter>
    <Filter Include="File di intestazione">
      <UniqueIdentifier>{93995380-89BD-4b04-88EB-625FBE52EBFB}</UniqueIdentifier>
      <Extensions>h;hh;hpp;hxx;h++;hm;inl;inc;ipp;xsd</Extensions>
    </Filter>
    <Filter Include="File di risorse">
      <UniqueIdentifier>{67DA6AB6-F800-4c08-8B7A-83BB121AAD01}</UniqueIdentifier>
      <Extensions>rc;ico;cur;bmp;dlg;rc2;rct;bin;rgs;gif;jpg;jpeg;jpe;resx;tiff;tif;png;wav;mfcribbon-ms</Extensions>
    </Filter>
  </ItemGroup>
  <ItemGroup>
    <ClCompile Include="Consume.cpp">
      <Filter>File di origine</Filter>
    </ClCompile>
    <ClCompile Include="Source\Engine\Engine.cpp">
      <Filter>File di origine</Filter>
    </ClCompile>
    <ClCompile Include="Source\TextureHolder\TextureHolder.cpp">
      <Filter>File di origine</Filter>
    </ClCompile>
    <ClCompile Include="Source\Player\Player.cpp">
      <Filter>File di origine</Filter>
    </ClCompile>
    <ClCompile Include="Source\GUI\Screen.cpp">
      <Filter>File di origine</Filter>
    </ClCompile>
    <ClCompile Include="Source\GUI\ScreenManager.cpp">
      <Filter>File di origine</Filter>
    </ClCompile>
    <ClCompile Include="Source\GUI\Screens\MainMenuScreen.cpp">
      <Filter>File di origine</Filter>
    </ClCompile>
    <ClCompile Include="Source\GUI\Screens\LevelManager.cpp">
      <Filter>File di origine</Filter>
    </ClCompile>
    <ClCompile Include="Source\GUI\Screens\Levels\Level_0.cpp">
      <Filter>File di origine</Filter>
    </ClCompile>
  </ItemGroup>
  <ItemGroup>
    <ClInclude Include="Headers\Engine\Engine.h">
      <Filter>File di intestazione</Filter>
    </ClInclude>
    <ClInclude Include="Headers\TextureHolder\TextureHolder.h">
      <Filter>File di intestazione</Filter>
    </ClInclude>
    <ClInclude Include="Headers\Player\Player.h">
      <Filter>File di intestazione</Filter>
    </ClInclude>
    <ClInclude Include="Headers\GUI\Screen.h">
      <Filter>File di intestazione</Filter>
    </ClInclude>
    <ClInclude Include="Headers\GUI\ScreenManager.h">
      <Filter>File di intestazione</Filter>
    </ClInclude>
    <ClInclude Include="Headers\GUI\Screens\MainMenuScreen.h">
      <Filter>File di intestazione</Filter>
    </ClInclude>
    <ClInclude Include="Headers\GUI\Screens\CursorEvent.h">
      <Filter>File di intestazione</Filter>
    </ClInclude>
    <ClInclude Include="Headers\GUI\Screens\LevelManager.h">
      <Filter>File di intestazione</Filter>
    </ClInclude>
    <ClInclude Include="Headers\GUI\Screens\Levels\Level_0.h">
      <Filter>File di intestazione</Filter>
    </ClInclude>
  </ItemGroup>
  <ItemGroup>
    <Image Include="Resources\Sprites\lab_background.png">
      <Filter>File di risorse</Filter>
    </Image>
    <Image Include="Resources\Sprites\aberration_placeholder.png">
      <Filter>File di risorse</Filter>
    </Image>
    <Image Include="Resources\Sprites\mainmenu_background.png">
      <Filter>File di risorse</Filter>
    </Image>
    <Image Include="Resources\Sprites\start_button.png">
      <Filter>File di risorse</Filter>
    </Image>
    <Image Include="Resources\Sprites\levels_button.png">
      <Filter>File di risorse</Filter>
    </Image>
    <Image Include="Resources\Sprites\quit_button.png">
      <Filter>File di risorse</Filter>
    </Image>
    <Image Include="Resources\Sprites\small_aberration.png">
      <Filter>File di risorse</Filter>
    </Image>
    <Image Include="Resources\Sprites\MonstersBGLayer0.png">
      <Filter>File di risorse</Filter>
    </Image>
    <Image Include="Resources\Sprites\platform.png">
      <Filter>File di risorse</Filter>
    </Image>
    <Image Include="Resources\Sprites\brick.png">
      <Filter>File di risorse</Filter>
    </Image>
  </ItemGroup>
  <ItemGroup>
    <Text Include="Resources\Files\scores.txt" />
    <Text Include="Resources\Files\level_0.txt" />
  </ItemGroup>
</Project>